
Microsoft Visual Studio Solution File, Format Version 12.00
# Visual Studio Version 16
VisualStudioVersion = 16.0.30804.86
MinimumVisualStudioVersion = 10.0.40219.1
Project("{9A19103F-16F7-4668-BE54-9A1E7A4F7556}") = "Task1", "Task1\Task1.csproj", "{E54BDAE9-BF14-441A-97C4-A6B3330D6CA3}"
EndProject
Project("{2150E333-8FDC-42A3-9474-1A3956D46DE8}") = "Task2", "Task2", "{509EFE47-4C4C-4068-B6C4-C68380328E71}"
EndProject
Project("{9A19103F-16F7-4668-BE54-9A1E7A4F7556}") = "Task2_1", "Task2_1\Task2_1.csproj", "{E9543BB9-04C0-432A-AD67-16E818A91246}"
EndProject
Project("{9A19103F-16F7-4668-BE54-9A1E7A4F7556}") = "Task2_2", "Task2_2\Task2_2.csproj", "{9FE9599C-C2BE-4D58-9C08-F3B676FFCAA0}"
EndProject
Project("{2150E333-8FDC-42A3-9474-1A3956D46DE8}") = "Task4", "Task4", "{72949844-410D-4DB2-82E4-149AF3CCD37A}"
EndProject
Project("{9A19103F-16F7-4668-BE54-9A1E7A4F7556}") = "Task4_1", "Task4_1\Task4_1.csproj", "{AF506DBA-AB49-4855-A758-B94636ED5D08}"
EndProject
Project("{9A19103F-16F7-4668-BE54-9A1E7A4F7556}") = "Task4_2", "Task4_2\Task4_2.csproj", "{2403CE29-31D4-4E8E-8D2E-9CA637DEEF9D}"
EndProject
Project("{9A19103F-16F7-4668-BE54-9A1E7A4F7556}") = "Task4_3", "Task4_3\Task4_3.csproj", "{9C93D754-E861-4FBB-A8D7-CA5F0E35C0DD}"
EndProject
Project("{2150E333-8FDC-42A3-9474-1A3956D46DE8}") = "Task5", "Task5", "{E139E124-2977-4F27-BE8C-0302144449A4}"
EndProject
Project("{9A19103F-16F7-4668-BE54-9A1E7A4F7556}") = "Task5_1", "Task5_1\Task5_1.csproj", "{1B579E0D-3B8A-42D7-85B3-2BC91CBB2A86}"
EndProject
Project("{2150E333-8FDC-42A3-9474-1A3956D46DE8}") = "Task6", "Task6", "{EA9B0BA9-3EC9-4803-ABCC-A5B6E753FD25}"
EndProject
Project("{9A19103F-16F7-4668-BE54-9A1E7A4F7556}") = "Task6_1", "Task6_1\Task6_1.csproj", "{FCDABA0A-CD23-4885-A5D1-51D451C5982E}"
EndProject
Project("{9A19103F-16F7-4668-BE54-9A1E7A4F7556}") = "Task6_2", "Task6_2\Task6_2.csproj", "{47FAF447-FD18-4DCE-B3BB-A7F788D62C39}"
EndProject
Project("{FAE04EC0-301F-11D3-BF4B-00C04F79EFBC}") = "Task6_3", "Task6_3\Task6_3.csproj", "{5E8056F3-54B5-4FE1-A068-5C980A3C71FA}"
EndProject
Project("{2150E333-8FDC-42A3-9474-1A3956D46DE8}") = "Task7", "Task7", "{132DF2CF-F863-4059-9832-110BF6CC876C}"
EndProject
Project("{9A19103F-16F7-4668-BE54-9A1E7A4F7556}") = "Task7_1", "Task7_1\Task7_1.csproj", "{A466241E-F084-4C67-A02E-40D7AB8A2D36}"
EndProject
Project("{2150E333-8FDC-42A3-9474-1A3956D46DE8}") = "Task8", "Task8", "{C6FDB2BE-0903-49F7-920E-FD96B75B2305}"
EndProject
Project("{9A19103F-16F7-4668-BE54-9A1E7A4F7556}") = "Task8_1", "Task8_1\Task8_1.csproj", "{AB01290A-6E6C-43D5-B8F8-E4C0002BE498}"
EndProject
Project("{9A19103F-16F7-4668-BE54-9A1E7A4F7556}") = "Task5_2", "Task5_2\Task5_2.csproj", "{B6262387-B417-470D-8C57-65ECA1F2CC67}"
EndProject
Project("{2150E333-8FDC-42A3-9474-1A3956D46DE8}") = "Task10", "Task10", "{A1A5420E-1309-45AC-A01F-BF3D1B6A4800}"
EndProject
Project("{2150E333-8FDC-42A3-9474-1A3956D46DE8}") = "Task9", "Task9", "{4846EF84-C413-4587-B5E9-37800923EBD5}"
EndProject
Project("{9A19103F-16F7-4668-BE54-9A1E7A4F7556}") = "Task9_1_2", "Task9_1_2\Task9_1_2.csproj", "{F86B628B-B562-4CE7-96A2-B4F1E0BF74AC}"
EndProject
Project("{9A19103F-16F7-4668-BE54-9A1E7A4F7556}") = "Task9_3", "Task9_3\Task9_3.csproj", "{04DC2EE7-B31F-4AC0-BA24-947C45220351}"
EndProject
Project("{9A19103F-16F7-4668-BE54-9A1E7A4F7556}") = "Task9_4", "Task9_4\Task9_4.csproj", "{C43D6252-20B9-4746-816C-39741F5FC090}"
EndProject
Project("{9A19103F-16F7-4668-BE54-9A1E7A4F7556}") = "Task10_0", "Task10_0\Task10_0.csproj", "{8F38D179-589D-4BCE-A843-A2974F8C7DAC}"
EndProject
Project("{9A19103F-16F7-4668-BE54-9A1E7A4F7556}") = "Task10_1dll", "Task10_1dll\Task10_1dll.csproj", "{5342C00C-71EE-483C-BED4-2FEDC86AFF72}"
EndProject
Project("{9A19103F-16F7-4668-BE54-9A1E7A4F7556}") = "Task10_2dll", "Task10_2dll\Task10_2dll.csproj", "{1874A89E-937B-439F-9F1A-BAC6FD7C2FC4}"
EndProject
Project("{9A19103F-16F7-4668-BE54-9A1E7A4F7556}") = "Task10_3dll", "Task10_3dll\Task10_3dll.csproj", "{BB4A1DC4-AAD8-4F83-8A91-FBFD46CD67E3}"
EndProject
Project("{9A19103F-16F7-4668-BE54-9A1E7A4F7556}") = "Task10_4dll", "Task10_4dll\Task10_4dll.csproj", "{B3BD257C-4CD7-4581-8F66-D1BC83744259}"
EndProject
Project("{2150E333-8FDC-42A3-9474-1A3956D46DE8}") = "Task11", "Task11", "{A362FCB4-CC40-438C-B2F1-9C67144ABCE6}"
EndProject
Project("{FAE04EC0-301F-11D3-BF4B-00C04F79EFBC}") = "Task11_1", "Task11_1\Task11_1.csproj", "{CCFA0702-98B4-4E33-8C97-D0EFA83C83F1}"
EndProject
Project("{FAE04EC0-301F-11D3-BF4B-00C04F79EFBC}") = "Task11_2", "Task11_2\Task11_2.csproj", "{7FF0026C-7C8D-4435-A3FB-7E612E2FB122}"
EndProject
Project("{FAE04EC0-301F-11D3-BF4B-00C04F79EFBC}") = "Task11_3", "Task11_3\Task11_3.csproj", "{FA5E5BA3-2AD2-45BD-BA45-ED7CAED5FF9D}"
EndProject
Global
	GlobalSection(SolutionConfigurationPlatforms) = preSolution
		Debug|Any CPU = Debug|Any CPU
		Release|Any CPU = Release|Any CPU
	EndGlobalSection
	GlobalSection(ProjectConfigurationPlatforms) = postSolution
		{E54BDAE9-BF14-441A-97C4-A6B3330D6CA3}.Debug|Any CPU.ActiveCfg = Debug|Any CPU
		{E54BDAE9-BF14-441A-97C4-A6B3330D6CA3}.Debug|Any CPU.Build.0 = Debug|Any CPU
		{E54BDAE9-BF14-441A-97C4-A6B3330D6CA3}.Release|Any CPU.ActiveCfg = Release|Any CPU
		{E54BDAE9-BF14-441A-97C4-A6B3330D6CA3}.Release|Any CPU.Build.0 = Release|Any CPU
		{E9543BB9-04C0-432A-AD67-16E818A91246}.Debug|Any CPU.ActiveCfg = Debug|Any CPU
		{E9543BB9-04C0-432A-AD67-16E818A91246}.Debug|Any CPU.Build.0 = Debug|Any CPU
		{E9543BB9-04C0-432A-AD67-16E818A91246}.Release|Any CPU.ActiveCfg = Release|Any CPU
		{E9543BB9-04C0-432A-AD67-16E818A91246}.Release|Any CPU.Build.0 = Release|Any CPU
		{9FE9599C-C2BE-4D58-9C08-F3B676FFCAA0}.Debug|Any CPU.ActiveCfg = Debug|Any CPU
		{9FE9599C-C2BE-4D58-9C08-F3B676FFCAA0}.Debug|Any CPU.Build.0 = Debug|Any CPU
		{9FE9599C-C2BE-4D58-9C08-F3B676FFCAA0}.Release|Any CPU.ActiveCfg = Release|Any CPU
		{9FE9599C-C2BE-4D58-9C08-F3B676FFCAA0}.Release|Any CPU.Build.0 = Release|Any CPU
		{AF506DBA-AB49-4855-A758-B94636ED5D08}.Debug|Any CPU.ActiveCfg = Debug|Any CPU
		{AF506DBA-AB49-4855-A758-B94636ED5D08}.Debug|Any CPU.Build.0 = Debug|Any CPU
		{AF506DBA-AB49-4855-A758-B94636ED5D08}.Release|Any CPU.ActiveCfg = Release|Any CPU
		{AF506DBA-AB49-4855-A758-B94636ED5D08}.Release|Any CPU.Build.0 = Release|Any CPU
		{2403CE29-31D4-4E8E-8D2E-9CA637DEEF9D}.Debug|Any CPU.ActiveCfg = Debug|Any CPU
		{2403CE29-31D4-4E8E-8D2E-9CA637DEEF9D}.Debug|Any CPU.Build.0 = Debug|Any CPU
		{2403CE29-31D4-4E8E-8D2E-9CA637DEEF9D}.Release|Any CPU.ActiveCfg = Release|Any CPU
		{2403CE29-31D4-4E8E-8D2E-9CA637DEEF9D}.Release|Any CPU.Build.0 = Release|Any CPU
		{9C93D754-E861-4FBB-A8D7-CA5F0E35C0DD}.Debug|Any CPU.ActiveCfg = Debug|Any CPU
		{9C93D754-E861-4FBB-A8D7-CA5F0E35C0DD}.Debug|Any CPU.Build.0 = Debug|Any CPU
		{9C93D754-E861-4FBB-A8D7-CA5F0E35C0DD}.Release|Any CPU.ActiveCfg = Release|Any CPU
		{9C93D754-E861-4FBB-A8D7-CA5F0E35C0DD}.Release|Any CPU.Build.0 = Release|Any CPU
		{1B579E0D-3B8A-42D7-85B3-2BC91CBB2A86}.Debug|Any CPU.ActiveCfg = Debug|Any CPU
		{1B579E0D-3B8A-42D7-85B3-2BC91CBB2A86}.Debug|Any CPU.Build.0 = Debug|Any CPU
		{1B579E0D-3B8A-42D7-85B3-2BC91CBB2A86}.Release|Any CPU.ActiveCfg = Release|Any CPU
		{1B579E0D-3B8A-42D7-85B3-2BC91CBB2A86}.Release|Any CPU.Build.0 = Release|Any CPU
		{FCDABA0A-CD23-4885-A5D1-51D451C5982E}.Debug|Any CPU.ActiveCfg = Debug|Any CPU
		{FCDABA0A-CD23-4885-A5D1-51D451C5982E}.Debug|Any CPU.Build.0 = Debug|Any CPU
		{FCDABA0A-CD23-4885-A5D1-51D451C5982E}.Release|Any CPU.ActiveCfg = Release|Any CPU
		{FCDABA0A-CD23-4885-A5D1-51D451C5982E}.Release|Any CPU.Build.0 = Release|Any CPU
		{47FAF447-FD18-4DCE-B3BB-A7F788D62C39}.Debug|Any CPU.ActiveCfg = Debug|Any CPU
		{47FAF447-FD18-4DCE-B3BB-A7F788D62C39}.Debug|Any CPU.Build.0 = Debug|Any CPU
		{47FAF447-FD18-4DCE-B3BB-A7F788D62C39}.Release|Any CPU.ActiveCfg = Release|Any CPU
		{47FAF447-FD18-4DCE-B3BB-A7F788D62C39}.Release|Any CPU.Build.0 = Release|Any CPU
		{5E8056F3-54B5-4FE1-A068-5C980A3C71FA}.Debug|Any CPU.ActiveCfg = Debug|Any CPU
		{5E8056F3-54B5-4FE1-A068-5C980A3C71FA}.Debug|Any CPU.Build.0 = Debug|Any CPU
		{5E8056F3-54B5-4FE1-A068-5C980A3C71FA}.Release|Any CPU.ActiveCfg = Release|Any CPU
		{5E8056F3-54B5-4FE1-A068-5C980A3C71FA}.Release|Any CPU.Build.0 = Release|Any CPU
		{A466241E-F084-4C67-A02E-40D7AB8A2D36}.Debug|Any CPU.ActiveCfg = Debug|Any CPU
		{A466241E-F084-4C67-A02E-40D7AB8A2D36}.Debug|Any CPU.Build.0 = Debug|Any CPU
		{A466241E-F084-4C67-A02E-40D7AB8A2D36}.Release|Any CPU.ActiveCfg = Release|Any CPU
		{A466241E-F084-4C67-A02E-40D7AB8A2D36}.Release|Any CPU.Build.0 = Release|Any CPU
		{AB01290A-6E6C-43D5-B8F8-E4C0002BE498}.Debug|Any CPU.ActiveCfg = Debug|Any CPU
		{AB01290A-6E6C-43D5-B8F8-E4C0002BE498}.Debug|Any CPU.Build.0 = Debug|Any CPU
		{AB01290A-6E6C-43D5-B8F8-E4C0002BE498}.Release|Any CPU.ActiveCfg = Release|Any CPU
		{AB01290A-6E6C-43D5-B8F8-E4C0002BE498}.Release|Any CPU.Build.0 = Release|Any CPU
		{B6262387-B417-470D-8C57-65ECA1F2CC67}.Debug|Any CPU.ActiveCfg = Debug|Any CPU
		{B6262387-B417-470D-8C57-65ECA1F2CC67}.Debug|Any CPU.Build.0 = Debug|Any CPU
		{B6262387-B417-470D-8C57-65ECA1F2CC67}.Release|Any CPU.ActiveCfg = Release|Any CPU
		{B6262387-B417-470D-8C57-65ECA1F2CC67}.Release|Any CPU.Build.0 = Release|Any CPU
		{F86B628B-B562-4CE7-96A2-B4F1E0BF74AC}.Debug|Any CPU.ActiveCfg = Debug|Any CPU
		{F86B628B-B562-4CE7-96A2-B4F1E0BF74AC}.Debug|Any CPU.Build.0 = Debug|Any CPU
		{F86B628B-B562-4CE7-96A2-B4F1E0BF74AC}.Release|Any CPU.ActiveCfg = Release|Any CPU
		{F86B628B-B562-4CE7-96A2-B4F1E0BF74AC}.Release|Any CPU.Build.0 = Release|Any CPU
		{04DC2EE7-B31F-4AC0-BA24-947C45220351}.Debug|Any CPU.ActiveCfg = Debug|Any CPU
		{04DC2EE7-B31F-4AC0-BA24-947C45220351}.Debug|Any CPU.Build.0 = Debug|Any CPU
		{04DC2EE7-B31F-4AC0-BA24-947C45220351}.Release|Any CPU.ActiveCfg = Release|Any CPU
		{04DC2EE7-B31F-4AC0-BA24-947C45220351}.Release|Any CPU.Build.0 = Release|Any CPU
		{C43D6252-20B9-4746-816C-39741F5FC090}.Debug|Any CPU.ActiveCfg = Debug|Any CPU
		{C43D6252-20B9-4746-816C-39741F5FC090}.Debug|Any CPU.Build.0 = Debug|Any CPU
		{C43D6252-20B9-4746-816C-39741F5FC090}.Release|Any CPU.ActiveCfg = Release|Any CPU
		{C43D6252-20B9-4746-816C-39741F5FC090}.Release|Any CPU.Build.0 = Release|Any CPU
		{8F38D179-589D-4BCE-A843-A2974F8C7DAC}.Debug|Any CPU.ActiveCfg = Debug|Any CPU
		{8F38D179-589D-4BCE-A843-A2974F8C7DAC}.Debug|Any CPU.Build.0 = Debug|Any CPU
		{8F38D179-589D-4BCE-A843-A2974F8C7DAC}.Release|Any CPU.ActiveCfg = Release|Any CPU
		{8F38D179-589D-4BCE-A843-A2974F8C7DAC}.Release|Any CPU.Build.0 = Release|Any CPU
		{5342C00C-71EE-483C-BED4-2FEDC86AFF72}.Debug|Any CPU.ActiveCfg = Debug|Any CPU
		{5342C00C-71EE-483C-BED4-2FEDC86AFF72}.Debug|Any CPU.Build.0 = Debug|Any CPU
		{5342C00C-71EE-483C-BED4-2FEDC86AFF72}.Release|Any CPU.ActiveCfg = Release|Any CPU
		{5342C00C-71EE-483C-BED4-2FEDC86AFF72}.Release|Any CPU.Build.0 = Release|Any CPU
		{1874A89E-937B-439F-9F1A-BAC6FD7C2FC4}.Debug|Any CPU.ActiveCfg = Debug|Any CPU
		{1874A89E-937B-439F-9F1A-BAC6FD7C2FC4}.Debug|Any CPU.Build.0 = Debug|Any CPU
		{1874A89E-937B-439F-9F1A-BAC6FD7C2FC4}.Release|Any CPU.ActiveCfg = Release|Any CPU
		{1874A89E-937B-439F-9F1A-BAC6FD7C2FC4}.Release|Any CPU.Build.0 = Release|Any CPU
		{BB4A1DC4-AAD8-4F83-8A91-FBFD46CD67E3}.Debug|Any CPU.ActiveCfg = Debug|Any CPU
		{BB4A1DC4-AAD8-4F83-8A91-FBFD46CD67E3}.Debug|Any CPU.Build.0 = Debug|Any CPU
		{BB4A1DC4-AAD8-4F83-8A91-FBFD46CD67E3}.Release|Any CPU.ActiveCfg = Release|Any CPU
		{BB4A1DC4-AAD8-4F83-8A91-FBFD46CD67E3}.Release|Any CPU.Build.0 = Release|Any CPU
		{B3BD257C-4CD7-4581-8F66-D1BC83744259}.Debug|Any CPU.ActiveCfg = Debug|Any CPU
		{B3BD257C-4CD7-4581-8F66-D1BC83744259}.Debug|Any CPU.Build.0 = Debug|Any CPU
		{B3BD257C-4CD7-4581-8F66-D1BC83744259}.Release|Any CPU.ActiveCfg = Release|Any CPU
		{B3BD257C-4CD7-4581-8F66-D1BC83744259}.Release|Any CPU.Build.0 = Release|Any CPU
		{CCFA0702-98B4-4E33-8C97-D0EFA83C83F1}.Debug|Any CPU.ActiveCfg = Debug|Any CPU
		{CCFA0702-98B4-4E33-8C97-D0EFA83C83F1}.Debug|Any CPU.Build.0 = Debug|Any CPU
		{CCFA0702-98B4-4E33-8C97-D0EFA83C83F1}.Release|Any CPU.ActiveCfg = Release|Any CPU
		{CCFA0702-98B4-4E33-8C97-D0EFA83C83F1}.Release|Any CPU.Build.0 = Release|Any CPU
		{7FF0026C-7C8D-4435-A3FB-7E612E2FB122}.Debug|Any CPU.ActiveCfg = Debug|Any CPU
		{7FF0026C-7C8D-4435-A3FB-7E612E2FB122}.Debug|Any CPU.Build.0 = Debug|Any CPU
		{7FF0026C-7C8D-4435-A3FB-7E612E2FB122}.Release|Any CPU.ActiveCfg = Release|Any CPU
		{7FF0026C-7C8D-4435-A3FB-7E612E2FB122}.Release|Any CPU.Build.0 = Release|Any CPU
		{FA5E5BA3-2AD2-45BD-BA45-ED7CAED5FF9D}.Debug|Any CPU.ActiveCfg = Debug|Any CPU
		{FA5E5BA3-2AD2-45BD-BA45-ED7CAED5FF9D}.Debug|Any CPU.Build.0 = Debug|Any CPU
		{FA5E5BA3-2AD2-45BD-BA45-ED7CAED5FF9D}.Release|Any CPU.ActiveCfg = Release|Any CPU
		{FA5E5BA3-2AD2-45BD-BA45-ED7CAED5FF9D}.Release|Any CPU.Build.0 = Release|Any CPU
	EndGlobalSection
	GlobalSection(SolutionProperties) = preSolution
		HideSolutionNode = FALSE
	EndGlobalSection
	GlobalSection(NestedProjects) = preSolution
		{E9543BB9-04C0-432A-AD67-16E818A91246} = {509EFE47-4C4C-4068-B6C4-C68380328E71}
		{9FE9599C-C2BE-4D58-9C08-F3B676FFCAA0} = {509EFE47-4C4C-4068-B6C4-C68380328E71}
		{AF506DBA-AB49-4855-A758-B94636ED5D08} = {72949844-410D-4DB2-82E4-149AF3CCD37A}
		{2403CE29-31D4-4E8E-8D2E-9CA637DEEF9D} = {72949844-410D-4DB2-82E4-149AF3CCD37A}
		{9C93D754-E861-4FBB-A8D7-CA5F0E35C0DD} = {72949844-410D-4DB2-82E4-149AF3CCD37A}
		{1B579E0D-3B8A-42D7-85B3-2BC91CBB2A86} = {E139E124-2977-4F27-BE8C-0302144449A4}
		{FCDABA0A-CD23-4885-A5D1-51D451C5982E} = {EA9B0BA9-3EC9-4803-ABCC-A5B6E753FD25}
		{47FAF447-FD18-4DCE-B3BB-A7F788D62C39} = {EA9B0BA9-3EC9-4803-ABCC-A5B6E753FD25}
		{5E8056F3-54B5-4FE1-A068-5C980A3C71FA} = {EA9B0BA9-3EC9-4803-ABCC-A5B6E753FD25}
		{A466241E-F084-4C67-A02E-40D7AB8A2D36} = {132DF2CF-F863-4059-9832-110BF6CC876C}
		{AB01290A-6E6C-43D5-B8F8-E4C0002BE498} = {C6FDB2BE-0903-49F7-920E-FD96B75B2305}
		{B6262387-B417-470D-8C57-65ECA1F2CC67} = {E139E124-2977-4F27-BE8C-0302144449A4}
		{F86B628B-B562-4CE7-96A2-B4F1E0BF74AC} = {4846EF84-C413-4587-B5E9-37800923EBD5}
		{04DC2EE7-B31F-4AC0-BA24-947C45220351} = {4846EF84-C413-4587-B5E9-37800923EBD5}
		{C43D6252-20B9-4746-816C-39741F5FC090} = {4846EF84-C413-4587-B5E9-37800923EBD5}
		{8F38D179-589D-4BCE-A843-A2974F8C7DAC} = {A1A5420E-1309-45AC-A01F-BF3D1B6A4800}
		{5342C00C-71EE-483C-BED4-2FEDC86AFF72} = {A1A5420E-1309-45AC-A01F-BF3D1B6A4800}
		{1874A89E-937B-439F-9F1A-BAC6FD7C2FC4} = {A1A5420E-1309-45AC-A01F-BF3D1B6A4800}
		{BB4A1DC4-AAD8-4F83-8A91-FBFD46CD67E3} = {A1A5420E-1309-45AC-A01F-BF3D1B6A4800}
		{B3BD257C-4CD7-4581-8F66-D1BC83744259} = {A1A5420E-1309-45AC-A01F-BF3D1B6A4800}
		{CCFA0702-98B4-4E33-8C97-D0EFA83C83F1} = {A362FCB4-CC40-438C-B2F1-9C67144ABCE6}
		{7FF0026C-7C8D-4435-A3FB-7E612E2FB122} = {A362FCB4-CC40-438C-B2F1-9C67144ABCE6}
		{FA5E5BA3-2AD2-45BD-BA45-ED7CAED5FF9D} = {A362FCB4-CC40-438C-B2F1-9C67144ABCE6}
	EndGlobalSection
	GlobalSection(ExtensibilityGlobals) = postSolution
		SolutionGuid = {AE33ED2F-83A1-4A06-A162-FCD25D289D6B}
	EndGlobalSection
EndGlobal
