
Microsoft Visual Studio Solution File, Format Version 12.00
# Visual Studio Version 16
VisualStudioVersion = 16.0.31005.135
MinimumVisualStudioVersion = 10.0.40219.1
Project("{9A19103F-16F7-4668-BE54-9A1E7A4F7556}") = "DAL", "DAL\DAL.csproj", "{2C768C44-AEE7-405A-A565-1C25E21E94E8}"
EndProject
Project("{9A19103F-16F7-4668-BE54-9A1E7A4F7556}") = "BLL", "BLL\BLL.csproj", "{11F87F62-35CB-4E9D-8172-695CEB25B0A2}"
EndProject
Project("{9A19103F-16F7-4668-BE54-9A1E7A4F7556}") = "Task12", "Task12\Task12.csproj", "{32E63E75-D584-4A34-A540-84A9926B1AEF}"
EndProject
Project("{FAE04EC0-301F-11D3-BF4B-00C04F79EFBC}") = "BLLTest", "BLLTest\BLLTest.csproj", "{96BB5791-E427-4718-9A55-4094410DF888}"
	ProjectSection(ProjectDependencies) = postProject
		{2C768C44-AEE7-405A-A565-1C25E21E94E8} = {2C768C44-AEE7-405A-A565-1C25E21E94E8}
		{11F87F62-35CB-4E9D-8172-695CEB25B0A2} = {11F87F62-35CB-4E9D-8172-695CEB25B0A2}
	EndProjectSection
EndProject
Global
	GlobalSection(SolutionConfigurationPlatforms) = preSolution
		Debug|Any CPU = Debug|Any CPU
		Release|Any CPU = Release|Any CPU
	EndGlobalSection
	GlobalSection(ProjectConfigurationPlatforms) = postSolution
		{2C768C44-AEE7-405A-A565-1C25E21E94E8}.Debug|Any CPU.ActiveCfg = Debug|Any CPU
		{2C768C44-AEE7-405A-A565-1C25E21E94E8}.Debug|Any CPU.Build.0 = Debug|Any CPU
		{2C768C44-AEE7-405A-A565-1C25E21E94E8}.Release|Any CPU.ActiveCfg = Release|Any CPU
		{2C768C44-AEE7-405A-A565-1C25E21E94E8}.Release|Any CPU.Build.0 = Release|Any CPU
		{11F87F62-35CB-4E9D-8172-695CEB25B0A2}.Debug|Any CPU.ActiveCfg = Debug|Any CPU
		{11F87F62-35CB-4E9D-8172-695CEB25B0A2}.Debug|Any CPU.Build.0 = Debug|Any CPU
		{11F87F62-35CB-4E9D-8172-695CEB25B0A2}.Release|Any CPU.ActiveCfg = Release|Any CPU
		{11F87F62-35CB-4E9D-8172-695CEB25B0A2}.Release|Any CPU.Build.0 = Release|Any CPU
		{32E63E75-D584-4A34-A540-84A9926B1AEF}.Debug|Any CPU.ActiveCfg = Debug|Any CPU
		{32E63E75-D584-4A34-A540-84A9926B1AEF}.Debug|Any CPU.Build.0 = Debug|Any CPU
		{32E63E75-D584-4A34-A540-84A9926B1AEF}.Release|Any CPU.ActiveCfg = Release|Any CPU
		{32E63E75-D584-4A34-A540-84A9926B1AEF}.Release|Any CPU.Build.0 = Release|Any CPU
		{96BB5791-E427-4718-9A55-4094410DF888}.Debug|Any CPU.ActiveCfg = Debug|Any CPU
		{96BB5791-E427-4718-9A55-4094410DF888}.Debug|Any CPU.Build.0 = Debug|Any CPU
		{96BB5791-E427-4718-9A55-4094410DF888}.Release|Any CPU.ActiveCfg = Release|Any CPU
		{96BB5791-E427-4718-9A55-4094410DF888}.Release|Any CPU.Build.0 = Release|Any CPU
	EndGlobalSection
	GlobalSection(SolutionProperties) = preSolution
		HideSolutionNode = FALSE
	EndGlobalSection
	GlobalSection(ExtensibilityGlobals) = postSolution
		SolutionGuid = {05F00861-C71F-4EF0-9FA9-CF93436DFAED}
	EndGlobalSection
EndGlobal
